
Microsoft Visual Studio Solution File, Format Version 12.00
# Visual Studio 14
VisualStudioVersion = 14.0.23107.0
MinimumVisualStudioVersion = 10.0.40219.1
Project("{FAE04EC0-301F-11D3-BF4B-00C04F79EFBC}") = "CarbonCore.Utils.Compat", "..\CarbonCore\UtilsCompat\CarbonCore.Utils.Compat.csproj", "{B823CDCE-5ED4-4030-AB35-44DAF233D4C0}"
EndProject
Project("{FAE04EC0-301F-11D3-BF4B-00C04F79EFBC}") = "CarbonCore.Utils.Unity", "..\CarbonCore\UtilsUnity\CarbonCore.Utils.Unity.csproj", "{0EC48D10-8E81-4B43-A7EE-F4BD83516CEA}"
EndProject
Project("{FAE04EC0-301F-11D3-BF4B-00C04F79EFBC}") = "CarbonCore.ContentServices .Compat", "..\CarbonCore\ContentServicesCompat\CarbonCore.ContentServices .Compat.csproj", "{890FF110-443F-4647-80B1-82D414CCCD88}"
EndProject
Project("{2150E333-8FDC-42A3-9474-1A3956D46DE8}") = "CarbonCore", "CarbonCore", "{D5DEE349-708E-4056-BBB5-C75C721969B3}"
EndProject
Project("{FAE04EC0-301F-11D3-BF4B-00C04F79EFBC}") = "CarbonCore.Utils.Unity.Editor", "..\CarbonCore\UtilsUnityEditor\CarbonCore.Utils.Unity.Editor.csproj", "{DB147104-0C6F-4723-A86F-005AC742D4E6}"
EndProject
Project("{FAE04EC0-301F-11D3-BF4B-00C04F79EFBC}") = "Jrpg.Game", "Jrpg.Game.csproj", "{A862A5BD-6BE9-3CF4-0425-4D19E49B7496}"
EndProject
Global
	GlobalSection(SolutionConfigurationPlatforms) = preSolution
		Debug|Any CPU = Debug|Any CPU
		Debug|x64 = Debug|x64
		Release|Any CPU = Release|Any CPU
		Release|x64 = Release|x64
		Unity|Any CPU = Unity|Any CPU
		Unity|x64 = Unity|x64
		UnityRelease|Any CPU = UnityRelease|Any CPU
		UnityRelease|x64 = UnityRelease|x64
	EndGlobalSection
	GlobalSection(ProjectConfigurationPlatforms) = postSolution
		{B823CDCE-5ED4-4030-AB35-44DAF233D4C0}.Debug|Any CPU.ActiveCfg = Debug|Any CPU
		{B823CDCE-5ED4-4030-AB35-44DAF233D4C0}.Debug|Any CPU.Build.0 = Debug|Any CPU
		{B823CDCE-5ED4-4030-AB35-44DAF233D4C0}.Debug|x64.ActiveCfg = Unity|x64
		{B823CDCE-5ED4-4030-AB35-44DAF233D4C0}.Debug|x64.Build.0 = Unity|x64
		{B823CDCE-5ED4-4030-AB35-44DAF233D4C0}.Release|Any CPU.ActiveCfg = Release|Any CPU
		{B823CDCE-5ED4-4030-AB35-44DAF233D4C0}.Release|Any CPU.Build.0 = Release|Any CPU
		{B823CDCE-5ED4-4030-AB35-44DAF233D4C0}.Release|x64.ActiveCfg = Release|x64
		{B823CDCE-5ED4-4030-AB35-44DAF233D4C0}.Release|x64.Build.0 = Release|x64
		{B823CDCE-5ED4-4030-AB35-44DAF233D4C0}.Unity|Any CPU.ActiveCfg = Unity|Any CPU
		{B823CDCE-5ED4-4030-AB35-44DAF233D4C0}.Unity|Any CPU.Build.0 = Unity|Any CPU
		{B823CDCE-5ED4-4030-AB35-44DAF233D4C0}.Unity|x64.ActiveCfg = Unity|x64
		{B823CDCE-5ED4-4030-AB35-44DAF233D4C0}.Unity|x64.Build.0 = Unity|x64
		{B823CDCE-5ED4-4030-AB35-44DAF233D4C0}.UnityRelease|Any CPU.ActiveCfg = UnityRelease|Any CPU
		{B823CDCE-5ED4-4030-AB35-44DAF233D4C0}.UnityRelease|Any CPU.Build.0 = UnityRelease|Any CPU
		{B823CDCE-5ED4-4030-AB35-44DAF233D4C0}.UnityRelease|x64.ActiveCfg = UnityRelease|x64
		{B823CDCE-5ED4-4030-AB35-44DAF233D4C0}.UnityRelease|x64.Build.0 = UnityRelease|x64
		{0EC48D10-8E81-4B43-A7EE-F4BD83516CEA}.Debug|Any CPU.ActiveCfg = Debug|Any CPU
		{0EC48D10-8E81-4B43-A7EE-F4BD83516CEA}.Debug|Any CPU.Build.0 = Debug|Any CPU
		{0EC48D10-8E81-4B43-A7EE-F4BD83516CEA}.Debug|x64.ActiveCfg = Unity|x64
		{0EC48D10-8E81-4B43-A7EE-F4BD83516CEA}.Debug|x64.Build.0 = Unity|x64
		{0EC48D10-8E81-4B43-A7EE-F4BD83516CEA}.Release|Any CPU.ActiveCfg = UnityRelease|Any CPU
		{0EC48D10-8E81-4B43-A7EE-F4BD83516CEA}.Release|Any CPU.Build.0 = UnityRelease|Any CPU
		{0EC48D10-8E81-4B43-A7EE-F4BD83516CEA}.Release|x64.ActiveCfg = UnityRelease|x64
		{0EC48D10-8E81-4B43-A7EE-F4BD83516CEA}.Release|x64.Build.0 = UnityRelease|x64
		{0EC48D10-8E81-4B43-A7EE-F4BD83516CEA}.Unity|Any CPU.ActiveCfg = Unity|Any CPU
		{0EC48D10-8E81-4B43-A7EE-F4BD83516CEA}.Unity|Any CPU.Build.0 = Unity|Any CPU
		{0EC48D10-8E81-4B43-A7EE-F4BD83516CEA}.Unity|x64.ActiveCfg = Unity|x64
		{0EC48D10-8E81-4B43-A7EE-F4BD83516CEA}.Unity|x64.Build.0 = Unity|x64
		{0EC48D10-8E81-4B43-A7EE-F4BD83516CEA}.UnityRelease|Any CPU.ActiveCfg = UnityRelease|Any CPU
		{0EC48D10-8E81-4B43-A7EE-F4BD83516CEA}.UnityRelease|Any CPU.Build.0 = UnityRelease|Any CPU
		{0EC48D10-8E81-4B43-A7EE-F4BD83516CEA}.UnityRelease|x64.ActiveCfg = UnityRelease|x64
		{0EC48D10-8E81-4B43-A7EE-F4BD83516CEA}.UnityRelease|x64.Build.0 = UnityRelease|x64
		{890FF110-443F-4647-80B1-82D414CCCD88}.Debug|Any CPU.ActiveCfg = Debug|Any CPU
		{890FF110-443F-4647-80B1-82D414CCCD88}.Debug|Any CPU.Build.0 = Debug|Any CPU
		{890FF110-443F-4647-80B1-82D414CCCD88}.Debug|x64.ActiveCfg = Unity|x64
		{890FF110-443F-4647-80B1-82D414CCCD88}.Debug|x64.Build.0 = Unity|x64
		{890FF110-443F-4647-80B1-82D414CCCD88}.Release|Any CPU.ActiveCfg = Release|Any CPU
		{890FF110-443F-4647-80B1-82D414CCCD88}.Release|Any CPU.Build.0 = Release|Any CPU
		{890FF110-443F-4647-80B1-82D414CCCD88}.Release|x64.ActiveCfg = Release|x64
		{890FF110-443F-4647-80B1-82D414CCCD88}.Release|x64.Build.0 = Release|x64
		{890FF110-443F-4647-80B1-82D414CCCD88}.Unity|Any CPU.ActiveCfg = Unity|Any CPU
		{890FF110-443F-4647-80B1-82D414CCCD88}.Unity|Any CPU.Build.0 = Unity|Any CPU
		{890FF110-443F-4647-80B1-82D414CCCD88}.Unity|x64.ActiveCfg = Unity|x64
		{890FF110-443F-4647-80B1-82D414CCCD88}.Unity|x64.Build.0 = Unity|x64
		{890FF110-443F-4647-80B1-82D414CCCD88}.UnityRelease|Any CPU.ActiveCfg = UnityRelease|Any CPU
		{890FF110-443F-4647-80B1-82D414CCCD88}.UnityRelease|Any CPU.Build.0 = UnityRelease|Any CPU
		{890FF110-443F-4647-80B1-82D414CCCD88}.UnityRelease|x64.ActiveCfg = UnityRelease|x64
		{890FF110-443F-4647-80B1-82D414CCCD88}.UnityRelease|x64.Build.0 = UnityRelease|x64
		{DB147104-0C6F-4723-A86F-005AC742D4E6}.Debug|Any CPU.ActiveCfg = Unity|Any CPU
		{DB147104-0C6F-4723-A86F-005AC742D4E6}.Debug|Any CPU.Build.0 = Unity|Any CPU
		{DB147104-0C6F-4723-A86F-005AC742D4E6}.Debug|x64.ActiveCfg = Unity|x64
		{DB147104-0C6F-4723-A86F-005AC742D4E6}.Debug|x64.Build.0 = Unity|x64
		{DB147104-0C6F-4723-A86F-005AC742D4E6}.Release|Any CPU.ActiveCfg = Unity|Any CPU
		{DB147104-0C6F-4723-A86F-005AC742D4E6}.Release|Any CPU.Build.0 = Unity|Any CPU
		{DB147104-0C6F-4723-A86F-005AC742D4E6}.Release|x64.ActiveCfg = Unity|x64
		{DB147104-0C6F-4723-A86F-005AC742D4E6}.Release|x64.Build.0 = Unity|x64
		{DB147104-0C6F-4723-A86F-005AC742D4E6}.Unity|Any CPU.ActiveCfg = Unity|Any CPU
		{DB147104-0C6F-4723-A86F-005AC742D4E6}.Unity|Any CPU.Build.0 = Unity|Any CPU
		{DB147104-0C6F-4723-A86F-005AC742D4E6}.Unity|x64.ActiveCfg = Unity|x64
		{DB147104-0C6F-4723-A86F-005AC742D4E6}.Unity|x64.Build.0 = Unity|x64
		{DB147104-0C6F-4723-A86F-005AC742D4E6}.UnityRelease|Any CPU.ActiveCfg = Unity|Any CPU
		{DB147104-0C6F-4723-A86F-005AC742D4E6}.UnityRelease|Any CPU.Build.0 = Unity|Any CPU
		{DB147104-0C6F-4723-A86F-005AC742D4E6}.UnityRelease|x64.ActiveCfg = Unity|x64
		{DB147104-0C6F-4723-A86F-005AC742D4E6}.UnityRelease|x64.Build.0 = Unity|x64
		{A862A5BD-6BE9-3CF4-0425-4D19E49B7496}.Debug|Any CPU.ActiveCfg = Unity|Any CPU
		{A862A5BD-6BE9-3CF4-0425-4D19E49B7496}.Debug|Any CPU.Build.0 = Unity|Any CPU
		{A862A5BD-6BE9-3CF4-0425-4D19E49B7496}.Debug|x64.ActiveCfg = Unity|x64
		{A862A5BD-6BE9-3CF4-0425-4D19E49B7496}.Debug|x64.Build.0 = Unity|x64
		{A862A5BD-6BE9-3CF4-0425-4D19E49B7496}.Release|Any CPU.ActiveCfg = Unity|Any CPU
		{A862A5BD-6BE9-3CF4-0425-4D19E49B7496}.Release|Any CPU.Build.0 = Unity|Any CPU
		{A862A5BD-6BE9-3CF4-0425-4D19E49B7496}.Release|x64.ActiveCfg = Unity|x64
		{A862A5BD-6BE9-3CF4-0425-4D19E49B7496}.Release|x64.Build.0 = Unity|x64
		{A862A5BD-6BE9-3CF4-0425-4D19E49B7496}.Unity|Any CPU.ActiveCfg = Unity|Any CPU
		{A862A5BD-6BE9-3CF4-0425-4D19E49B7496}.Unity|Any CPU.Build.0 = Unity|Any CPU
		{A862A5BD-6BE9-3CF4-0425-4D19E49B7496}.Unity|x64.ActiveCfg = Unity|x64
		{A862A5BD-6BE9-3CF4-0425-4D19E49B7496}.Unity|x64.Build.0 = Unity|x64
		{A862A5BD-6BE9-3CF4-0425-4D19E49B7496}.UnityRelease|Any CPU.ActiveCfg = Unity|Any CPU
		{A862A5BD-6BE9-3CF4-0425-4D19E49B7496}.UnityRelease|Any CPU.Build.0 = Unity|Any CPU
		{A862A5BD-6BE9-3CF4-0425-4D19E49B7496}.UnityRelease|x64.ActiveCfg = Unity|x64
		{A862A5BD-6BE9-3CF4-0425-4D19E49B7496}.UnityRelease|x64.Build.0 = Unity|x64
	EndGlobalSection
	GlobalSection(SolutionProperties) = preSolution
		HideSolutionNode = FALSE
	EndGlobalSection
	GlobalSection(NestedProjects) = preSolution
		{B823CDCE-5ED4-4030-AB35-44DAF233D4C0} = {D5DEE349-708E-4056-BBB5-C75C721969B3}
		{0EC48D10-8E81-4B43-A7EE-F4BD83516CEA} = {D5DEE349-708E-4056-BBB5-C75C721969B3}
		{890FF110-443F-4647-80B1-82D414CCCD88} = {D5DEE349-708E-4056-BBB5-C75C721969B3}
		{DB147104-0C6F-4723-A86F-005AC742D4E6} = {D5DEE349-708E-4056-BBB5-C75C721969B3}
	EndGlobalSection
EndGlobal
